
Microsoft Visual Studio Solution File, Format Version 12.00
# Visual Studio 2013
VisualStudioVersion = 12.0.31101.0
MinimumVisualStudioVersion = 10.0.40219.1
Project("{FAE04EC0-301F-11D3-BF4B-00C04F79EFBC}") = "WRP", "WRP\WRP.csproj", "{4FDB70B2-FD85-4CB8-BDAC-22EE3C5EDB4B}"
EndProject
Project("{FAE04EC0-301F-11D3-BF4B-00C04F79EFBC}") = "WRP.Engine", "WRP.Engine\WRP.Engine.csproj", "{12ED4EF9-B100-4BD3-9D3F-3EDECB5A24D8}"
EndProject
Project("{FAE04EC0-301F-11D3-BF4B-00C04F79EFBC}") = "WRP.ManageResources", "WRP.ManageResources\WRP.ManageResources.csproj", "{45850EED-42A8-4BF9-B6A1-0D9BBD8AFED8}"
EndProject
Project("{FAE04EC0-301F-11D3-BF4B-00C04F79EFBC}") = "WRP.API", "WRP.API\WRP.API.csproj", "{1F0C2544-A446-4AFB-9FF6-FF058A4834BD}"
EndProject
Project("{FAE04EC0-301F-11D3-BF4B-00C04F79EFBC}") = "WRP.TestFromDesktop", "WRP.TestFromDesktop\WRP.TestFromDesktop.csproj", "{2A51C8D7-F325-45C4-B809-49DFA57EACF0}"
EndProject
Global
	GlobalSection(SolutionConfigurationPlatforms) = preSolution
		Debug|Any CPU = Debug|Any CPU
		Release|Any CPU = Release|Any CPU
	EndGlobalSection
	GlobalSection(ProjectConfigurationPlatforms) = postSolution
		{4FDB70B2-FD85-4CB8-BDAC-22EE3C5EDB4B}.Debug|Any CPU.ActiveCfg = Debug|Any CPU
		{4FDB70B2-FD85-4CB8-BDAC-22EE3C5EDB4B}.Debug|Any CPU.Build.0 = Debug|Any CPU
		{4FDB70B2-FD85-4CB8-BDAC-22EE3C5EDB4B}.Release|Any CPU.ActiveCfg = Release|Any CPU
		{4FDB70B2-FD85-4CB8-BDAC-22EE3C5EDB4B}.Release|Any CPU.Build.0 = Release|Any CPU
		{12ED4EF9-B100-4BD3-9D3F-3EDECB5A24D8}.Debug|Any CPU.ActiveCfg = Debug|Any CPU
		{12ED4EF9-B100-4BD3-9D3F-3EDECB5A24D8}.Debug|Any CPU.Build.0 = Debug|Any CPU
		{12ED4EF9-B100-4BD3-9D3F-3EDECB5A24D8}.Release|Any CPU.ActiveCfg = Release|Any CPU
		{12ED4EF9-B100-4BD3-9D3F-3EDECB5A24D8}.Release|Any CPU.Build.0 = Release|Any CPU
		{45850EED-42A8-4BF9-B6A1-0D9BBD8AFED8}.Debug|Any CPU.ActiveCfg = Debug|Any CPU
		{45850EED-42A8-4BF9-B6A1-0D9BBD8AFED8}.Debug|Any CPU.Build.0 = Debug|Any CPU
		{45850EED-42A8-4BF9-B6A1-0D9BBD8AFED8}.Release|Any CPU.ActiveCfg = Release|Any CPU
		{45850EED-42A8-4BF9-B6A1-0D9BBD8AFED8}.Release|Any CPU.Build.0 = Release|Any CPU
		{1F0C2544-A446-4AFB-9FF6-FF058A4834BD}.Debug|Any CPU.ActiveCfg = Debug|Any CPU
		{1F0C2544-A446-4AFB-9FF6-FF058A4834BD}.Debug|Any CPU.Build.0 = Debug|Any CPU
		{1F0C2544-A446-4AFB-9FF6-FF058A4834BD}.Release|Any CPU.ActiveCfg = Release|Any CPU
		{1F0C2544-A446-4AFB-9FF6-FF058A4834BD}.Release|Any CPU.Build.0 = Release|Any CPU
		{2A51C8D7-F325-45C4-B809-49DFA57EACF0}.Debug|Any CPU.ActiveCfg = Debug|Any CPU
		{2A51C8D7-F325-45C4-B809-49DFA57EACF0}.Debug|Any CPU.Build.0 = Debug|Any CPU
		{2A51C8D7-F325-45C4-B809-49DFA57EACF0}.Release|Any CPU.ActiveCfg = Release|Any CPU
		{2A51C8D7-F325-45C4-B809-49DFA57EACF0}.Release|Any CPU.Build.0 = Release|Any CPU
	EndGlobalSection
	GlobalSection(SolutionProperties) = preSolution
		HideSolutionNode = FALSE
	EndGlobalSection
EndGlobal
